# THIS IS AN AUTOGENERATED FILE. DO NOT EDIT THIS FILE DIRECTLY.
# yarn lockfile v1


lodash-es@^4.17.21:
  version "4.17.21"
  resolved "https://registry.yarnpkg.com/lodash-es/-/lodash-es-4.17.21.tgz#43e626c46e6591b7750beb2b50117390c609e3ee"
  integrity sha512-mKnC+QJ9pWVzv+C4/U3rRsHapFfHvQFoFB92e52xeyGMcX6/OlIl78je1u8vePzYZSkkogMPJ2yjxxsb89cxyw==

mean-average@^1.0.0:
  version "1.0.0"
  resolved "https://registry.yarnpkg.com/mean-average/-/mean-average-1.0.0.tgz#f29a0133352b8348965db1adc9c89a5b13e05734"
  integrity sha512-TNiFp0z6M9kmBSK10mZRA+Xzt9uDfZ9i+WaKn41RCiDFoKTI+cgQWZitPmjTgagdNF7HDxIxSaZko2k4oojaOw==
  dependencies:
    totalled "^1.0.0"

nanoid@3.1.20:
  version "3.1.20"
  resolved "https://registry.yarnpkg.com/nanoid/-/nanoid-3.1.20.tgz#badc263c6b1dcf14b71efaa85f6ab4c1d6cfc788"
  integrity sha512-a1cQNyczgKbLX9jwbS/+d7W8fX/RfgYR7lVWwWOGIPNgK2m0MWvrGF6/m4kk6U3QcFMnZf3RIhL0v2Jgh/0Uxw==

performance-now@^2.1.0:
  version "2.1.0"
  resolved "https://registry.yarnpkg.com/performance-now/-/performance-now-2.1.0.tgz#6309f4e0e5fa913ec1c69307ae364b4b377c9e7b"
  integrity sha1-Ywn04OX6kT7BxpMHrjZLSzd8nns=

raf@^3.4.1:
  version "3.4.1"
  resolved "https://registry.yarnpkg.com/raf/-/raf-3.4.1.tgz#0742e99a4a6552f445d73e3ee0328af0ff1ede39"
  integrity sha512-Sq4CW4QhwOHE8ucn6J34MqtZCeWFP2aQSmrlroYgqAV1PjStIhJXxYuTgUIfkEk7zTLjmIjLmU5q+fbD1NnOJA==
  dependencies:
    performance-now "^2.1.0"

refresh-rate@1.0.0:
  version "1.0.0"
  resolved "https://registry.yarnpkg.com/refresh-rate/-/refresh-rate-1.0.0.tgz#f7dac9b9d68ef35b5831563028b507cc5e5b2ead"
  integrity sha512-NZodSkLFDnMbEsdAaLdfIdVLDmJokRoiYUOkawKn39qmNVU7dh+GpzUxsBEYmm6ner5luxNSRvi68absgJRMrA==
  dependencies:
    mean-average "^1.0.0"
    performance-now "^2.1.0"
    raf "^3.4.1"

throttle-debounce@3.0.1:
  version "3.0.1"
  resolved "https://registry.yarnpkg.com/throttle-debounce/-/throttle-debounce-3.0.1.tgz#32f94d84dfa894f786c9a1f290e7a645b6a19abb"
  integrity sha512-dTEWWNu6JmeVXY0ZYoPuH5cRIwc0MeGbJwah9KUNYSJwommQpCzTySTpEe8Gs1J23aeWEuAobe4Ag7EHVt/LOg==

totalled@^1.0.0:
  version "1.0.0"
  resolved "https://registry.yarnpkg.com/totalled/-/totalled-1.0.0.tgz#62ba1b9bac30eb6d8b127726b684b1f80dbd286e"
  integrity sha512-FDhKWt82tvUdza1Bln/mviG8jyHbrBL9kL0vgnV6GIesZKM/FKx3Rlt3nl8hew7dAnJ2RMX5eRszMsF7OHPiQQ==
